<?xml version="1.0" encoding="utf-8"?>
<Project ToolsVersion="4.0" xmlns="http://schemas.microsoft.com/developer/msbuild/2003">
  <ItemGroup>
    <Filter Include="소스 파일">
      <UniqueIdentifier>{4FC737F1-C7A5-4376-A066-2A32D752A2FF}</UniqueIdentifier>
      <Extensions>cpp;c;cc;cxx;def;odl;idl;hpj;bat;asm;asmx</Extensions>
    </Filter>
    <Filter Include="헤더 파일">
      <UniqueIdentifier>{93995380-89BD-4b04-88EB-625FBE52EBFB}</UniqueIdentifier>
      <Extensions>h;hpp;hxx;hm;inl;inc;xsd</Extensions>
    </Filter>
    <Filter Include="리소스 파일">
      <UniqueIdentifier>{67DA6AB6-F800-4c08-8B7A-83BB121AAD01}</UniqueIdentifier>
      <Extensions>rc;ico;cur;bmp;dlg;rc2;rct;bin;rgs;gif;jpg;jpeg;jpe;resx;tiff;tif;png;wav</Extensions>
    </Filter>
    <Filter Include="헤더 파일\include">
      <UniqueIdentifier>{1d7bd927-7e25-4ef9-a8bb-f8ac1d1c5411}</UniqueIdentifier>
    </Filter>
    <Filter Include="소스 파일\src">
      <UniqueIdentifier>{0cf49e73-c26d-4fbd-bedf-d7cd979b5a2a}</UniqueIdentifier>
    </Filter>
  </ItemGroup>
  <ItemGroup>
    <ClCompile Include="NetworkServer.cpp">
      <Filter>소스 파일</Filter>
    </ClCompile>
    <ClCompile Include="stdafx.cpp">
      <Filter>소스 파일</Filter>
    </ClCompile>
    <ClCompile Include="EcoServer.cpp">
      <Filter>소스 파일</Filter>
    </ClCompile>
    <ClCompile Include="..\..\..\src\network\IpAddrResolver.cpp">
      <Filter>소스 파일\src</Filter>
    </ClCompile>
    <ClCompile Include="..\..\..\src\network\SHeapBuf.cpp">
      <Filter>소스 파일\src</Filter>
    </ClCompile>
    <ClCompile Include="..\..\..\src\network\server\NetCtx.cpp">
      <Filter>소스 파일\src</Filter>
    </ClCompile>
    <ClCompile Include="..\..\..\src\network\server\NetServer.cpp">
      <Filter>소스 파일\src</Filter>
    </ClCompile>
    <ClCompile Include="..\..\..\src\network\server\NetServerCfg.cpp">
      <Filter>소스 파일\src</Filter>
    </ClCompile>
    <ClCompile Include="..\..\..\src\network\server\NetServerStat.cpp">
      <Filter>소스 파일\src</Filter>
    </ClCompile>
  </ItemGroup>
  <ItemGroup>
    <ClInclude Include="stdafx.h">
      <Filter>헤더 파일</Filter>
    </ClInclude>
    <ClInclude Include="targetver.h">
      <Filter>헤더 파일</Filter>
    </ClInclude>
    <ClInclude Include="EcoServer.h">
      <Filter>헤더 파일</Filter>
    </ClInclude>
    <ClInclude Include="..\..\..\include\network\IpAddrResolver.h">
      <Filter>헤더 파일\include</Filter>
    </ClInclude>
    <ClInclude Include="..\..\..\include\network\NetBuf.h">
      <Filter>헤더 파일\include</Filter>
    </ClInclude>
    <ClInclude Include="..\..\..\include\network\NetTrace.h">
      <Filter>헤더 파일\include</Filter>
    </ClInclude>
    <ClInclude Include="..\..\..\include\network\SHeapBuf.h">
      <Filter>헤더 파일\include</Filter>
    </ClInclude>
    <ClInclude Include="..\..\..\include\network\server\NetCtx.h">
      <Filter>헤더 파일\include</Filter>
    </ClInclude>
    <ClInclude Include="..\..\..\include\network\server\NetServer.h">
      <Filter>헤더 파일\include</Filter>
    </ClInclude>
    <ClInclude Include="..\..\..\include\network\server\NetServerCfg.h">
      <Filter>헤더 파일\include</Filter>
    </ClInclude>
    <ClInclude Include="..\..\..\include\network\server\NetServerStat.h">
      <Filter>헤더 파일\include</Filter>
    </ClInclude>
  </ItemGroup>
  <ItemGroup>
    <None Include="ReadMe.txt" />
    <None Include="ClassDiagram11.cd" />
    <None Include="ClassDiagram1.cd" />
  </ItemGroup>
</Project>